// !$*UTF8*$!
{
	archiveVersion = 1;
	classes = {
	};
	objectVersion = 50;
	objects = {

/* Begin PBXBuildFile section */
		6EBF4AE84D55684511091403 /* libPods-SYLearnDemo.a in Frameworks */ = {isa = PBXBuildFile; fileRef = 794BA402D466EB3A05C57660 /* libPods-SYLearnDemo.a */; };
		80D1F38E228570A200E2755D /* AppDelegate.m in Sources */ = {isa = PBXBuildFile; fileRef = 80D1F38D228570A200E2755D /* AppDelegate.m */; };
		80D1F391228570A200E2755D /* ViewController.m in Sources */ = {isa = PBXBuildFile; fileRef = 80D1F390228570A200E2755D /* ViewController.m */; };
		80D1F394228570A200E2755D /* Main.storyboard in Resources */ = {isa = PBXBuildFile; fileRef = 80D1F392228570A200E2755D /* Main.storyboard */; };
		80D1F396228570A300E2755D /* Assets.xcassets in Resources */ = {isa = PBXBuildFile; fileRef = 80D1F395228570A300E2755D /* Assets.xcassets */; };
		80D1F399228570A300E2755D /* LaunchScreen.storyboard in Resources */ = {isa = PBXBuildFile; fileRef = 80D1F397228570A300E2755D /* LaunchScreen.storyboard */; };
		80D1F39C228570A300E2755D /* main.m in Sources */ = {isa = PBXBuildFile; fileRef = 80D1F39B228570A300E2755D /* main.m */; };
/* End PBXBuildFile section */

/* Begin PBXFileReference section */
		794BA402D466EB3A05C57660 /* libPods-SYLearnDemo.a */ = {isa = PBXFileReference; explicitFileType = archive.ar; includeInIndex = 0; path = "libPods-SYLearnDemo.a"; sourceTree = BUILT_PRODUCTS_DIR; };
		80D1F389228570A200E2755D /* SYLearnDemo.app */ = {isa = PBXFileReference; explicitFileType = wrapper.application; includeInIndex = 0; path = SYLearnDemo.app; sourceTree = BUILT_PRODUCTS_DIR; };
		80D1F38C228570A200E2755D /* AppDelegate.h */ = {isa = PBXFileReference; lastKnownFileType = sourcecode.c.h; path = AppDelegate.h; sourceTree = "<group>"; };
		80D1F38D228570A200E2755D /* AppDelegate.m */ = {isa = PBXFileReference; lastKnownFileType = sourcecode.c.objc; path = AppDelegate.m; sourceTree = "<group>"; };
		80D1F38F228570A200E2755D /* ViewController.h */ = {isa = PBXFileReference; lastKnownFileType = sourcecode.c.h; path = ViewController.h; sourceTree = "<group>"; };
		80D1F390228570A200E2755D /* ViewController.m */ = {isa = PBXFileReference; lastKnownFileType = sourcecode.c.objc; path = ViewController.m; sourceTree = "<group>"; };
		80D1F393228570A200E2755D /* Base */ = {isa = PBXFileReference; lastKnownFileType = file.storyboard; name = Base; path = Base.lproj/Main.storyboard; sourceTree = "<group>"; };
		80D1F395228570A300E2755D /* Assets.xcassets */ = {isa = PBXFileReference; lastKnownFileType = folder.assetcatalog; path = Assets.xcassets; sourceTree = "<group>"; };
		80D1F398228570A300E2755D /* Base */ = {isa = PBXFileReference; lastKnownFileType = file.storyboard; name = Base; path = Base.lproj/LaunchScreen.storyboard; sourceTree = "<group>"; };
		80D1F39A228570A300E2755D /* Info.plist */ = {isa = PBXFileReference; lastKnownFileType = text.plist.xml; path = Info.plist; sourceTree = "<group>"; };
		80D1F39B228570A300E2755D /* main.m */ = {isa = PBXFileReference; lastKnownFileType = sourcecode.c.objc; path = main.m; sourceTree = "<group>"; };
		912BDDE1809C542088E2A6EB /* Pods-SYLearnDemo.release.xcconfig */ = {isa = PBXFileReference; includeInIndex = 1; lastKnownFileType = text.xcconfig; name = "Pods-SYLearnDemo.release.xcconfig"; path = "Pods/Target Support Files/Pods-SYLearnDemo/Pods-SYLearnDemo.release.xcconfig"; sourceTree = "<group>"; };
		C1647DD13385CB0F822EB974 /* Pods-SYLearnDemo.debug.xcconfig */ = {isa = PBXFileReference; includeInIndex = 1; lastKnownFileType = text.xcconfig; name = "Pods-SYLearnDemo.debug.xcconfig"; path = "Pods/Target Support Files/Pods-SYLearnDemo/Pods-SYLearnDemo.debug.xcconfig"; sourceTree = "<group>"; };
/* End PBXFileReference section */

/* Begin PBXFrameworksBuildPhase section */
		80D1F386228570A200E2755D /* Frameworks */ = {
			isa = PBXFrameworksBuildPhase;
			buildActionMask = 2147483647;
			files = (
				6EBF4AE84D55684511091403 /* libPods-SYLearnDemo.a in Frameworks */,
			);
			runOnlyForDeploymentPostprocessing = 0;
		};
/* End PBXFrameworksBuildPhase section */

/* Begin PBXGroup section */
		5DFCFAF3002F429F351A7FAE /* Pods */ = {
			isa = PBXGroup;
			children = (
				C1647DD13385CB0F822EB974 /* Pods-SYLearnDemo.debug.xcconfig */,
				912BDDE1809C542088E2A6EB /* Pods-SYLearnDemo.release.xcconfig */,
			);
			name = Pods;
			sourceTree = "<group>";
		};
		80D1F380228570A200E2755D = {
			isa = PBXGroup;
			children = (
				80D1F38B228570A200E2755D /* SYLearnDemo */,
				80D1F38A228570A200E2755D /* Products */,
				5DFCFAF3002F429F351A7FAE /* Pods */,
				C7AB2BE526BC9C64E35E2CB8 /* Frameworks */,
			);
			sourceTree = "<group>";
		};
		80D1F38A228570A200E2755D /* Products */ = {
			isa = PBXGroup;
			children = (
				80D1F389228570A200E2755D /* SYLearnDemo.app */,
			);
			name = Products;
			sourceTree = "<group>";
		};
		80D1F38B228570A200E2755D /* SYLearnDemo */ = {
			isa = PBXGroup;
			children = (
				80D1F38C228570A200E2755D /* AppDelegate.h */,
				80D1F38D228570A200E2755D /* AppDelegate.m */,
				80D1F38F228570A200E2755D /* ViewController.h */,
				80D1F390228570A200E2755D /* ViewController.m */,
				80D1F392228570A200E2755D /* Main.storyboard */,
				80D1F395228570A300E2755D /* Assets.xcassets */,
				80D1F397228570A300E2755D /* LaunchScreen.storyboard */,
				80D1F39A228570A300E2755D /* Info.plist */,
				80D1F39B228570A300E2755D /* main.m */,
			);
			path = SYLearnDemo;
			sourceTree = "<group>";
		};
		C7AB2BE526BC9C64E35E2CB8 /* Frameworks */ = {
			isa = PBXGroup;
			children = (
				794BA402D466EB3A05C57660 /* libPods-SYLearnDemo.a */,
			);
			name = Frameworks;
			sourceTree = "<group>";
		};
/* End PBXGroup section */

/* Begin PBXNativeTarget section */
		80D1F388228570A200E2755D /* SYLearnDemo */ = {
			isa = PBXNativeTarget;
			buildConfigurationList = 80D1F39F228570A300E2755D /* Build configuration list for PBXNativeTarget "SYLearnDemo" */;
			buildPhases = (
				473B6E339E2251C13BD64B29 /* [CP] Check Pods Manifest.lock */,
				80D1F385228570A200E2755D /* Sources */,
				80D1F386228570A200E2755D /* Frameworks */,
				80D1F387228570A200E2755D /* Resources */,
				F848812DBEF0888E7402A222 /* [CP] Copy Pods Resources */,
			);
			buildRules = (
			);
			dependencies = (
			);
			name = SYLearnDemo;
			productName = SYLearnDemo;
			productReference = 80D1F389228570A200E2755D /* SYLearnDemo.app */;
			productType = "com.apple.product-type.application";
		};
/* End PBXNativeTarget section */

/* Begin PBXProject section */
		80D1F381228570A200E2755D /* Project object */ = {
			isa = PBXProject;
			attributes = {
				CLASSPREFIX = SY;
				LastUpgradeCheck = 1010;
				ORGANIZATIONNAME = "石阳";
				TargetAttributes = {
					80D1F388228570A200E2755D = {
						CreatedOnToolsVersion = 10.1;
					};
				};
			};
			buildConfigurationList = 80D1F384228570A200E2755D /* Build configuration list for PBXProject "SYLearnDemo" */;
			compatibilityVersion = "Xcode 9.3";
			developmentRegion = en;
			hasScannedForEncodings = 0;
			knownRegions = (
				en,
				Base,
			);
			mainGroup = 80D1F380228570A200E2755D;
			productRefGroup = 80D1F38A228570A200E2755D /* Products */;
			projectDirPath = "";
			projectRoot = "";
			targets = (
				80D1F388228570A200E2755D /* SYLearnDemo */,
			);
		};
/* End PBXProject section */

/* Begin PBXResourcesBuildPhase section */
		80D1F387228570A200E2755D /* Resources */ = {
			isa = PBXResourcesBuildPhase;
			buildActionMask = 2147483647;
			files = (
				80D1F399228570A300E2755D /* LaunchScreen.storyboard in Resources */,
				80D1F396228570A300E2755D /* Assets.xcassets in Resources */,
				80D1F394228570A200E2755D /* Main.storyboard in Resources */,
			);
			runOnlyForDeploymentPostprocessing = 0;
		};
/* End PBXResourcesBuildPhase section */

/* Begin PBXShellScriptBuildPhase section */
		473B6E339E2251C13BD64B29 /* [CP] Check Pods Manifest.lock */ = {
			isa = PBXShellScriptBuildPhase;
			buildActionMask = 2147483647;
			files = (
			);
			inputPaths = (
				"${PODS_PODFILE_DIR_PATH}/Podfile.lock",
				"${PODS_ROOT}/Manifest.lock",
			);
			name = "[CP] Check Pods Manifest.lock";
			outputPaths = (
				"$(DERIVED_FILE_DIR)/Pods-SYLearnDemo-checkManifestLockResult.txt",
			);
			runOnlyForDeploymentPostprocessing = 0;
			shellPath = /bin/sh;
			shellScript = "diff \"${PODS_PODFILE_DIR_PATH}/Podfile.lock\" \"${PODS_ROOT}/Manifest.lock\" > /dev/null\nif [ $? != 0 ] ; then\n    # print error to STDERR\n    echo \"error: The sandbox is not in sync with the Podfile.lock. Run 'pod install' or update your CocoaPods installation.\" >&2\n    exit 1\nfi\n# This output is used by Xcode 'outputs' to avoid re-running this script phase.\necho \"SUCCESS\" > \"${SCRIPT_OUTPUT_FILE_0}\"\n";
			showEnvVarsInLog = 0;
		};
		F848812DBEF0888E7402A222 /* [CP] Copy Pods Resources */ = {
			isa = PBXShellScriptBuildPhase;
			buildActionMask = 2147483647;
			files = (
			);
			inputPaths = (
				"${SRCROOT}/Pods/Target Support Files/Pods-SYLearnDemo/Pods-SYLearnDemo-resources.sh",
				"${PODS_ROOT}/IQKeyboardManager/IQKeyboardManager/Resources/IQKeyboardManager.bundle",
				"${PODS_ROOT}/MJRefresh/MJRefresh/MJRefresh.bundle",
			);
			name = "[CP] Copy Pods Resources";
			outputPaths = (
				"${TARGET_BUILD_DIR}/${UNLOCALIZED_RESOURCES_FOLDER_PATH}/IQKeyboardManager.bundle",
				"${TARGET_BUILD_DIR}/${UNLOCALIZED_RESOURCES_FOLDER_PATH}/MJRefresh.bundle",
			);
			runOnlyForDeploymentPostprocessing = 0;
			shellPath = /bin/sh;
			shellScript = "\"${SRCROOT}/Pods/Target Support Files/Pods-SYLearnDemo/Pods-SYLearnDemo-resources.sh\"\n";
			showEnvVarsInLog = 0;
		};
/* End PBXShellScriptBuildPhase section */

/* Begin PBXSourcesBuildPhase section */
		80D1F385228570A200E2755D /* Sources */ = {
			isa = PBXSourcesBuildPhase;
			buildActionMask = 2147483647;
			files = (
				80D1F391228570A200E2755D /* ViewController.m in Sources */,
				80D1F39C228570A300E2755D /* main.m in Sources */,
				80D1F38E228570A200E2755D /* AppDelegate.m in Sources */,
			);
			runOnlyForDeploymentPostprocessing = 0;
		};
/* End PBXSourcesBuildPhase section */

/* Begin PBXVariantGroup section */
		80D1F392228570A200E2755D /* Main.storyboard */ = {
			isa = PBXVariantGroup;
			children = (
				80D1F393228570A200E2755D /* Base */,
			);
			name = Main.storyboard;
			sourceTree = "<group>";
		};
		80D1F397228570A300E2755D /* LaunchScreen.storyboard */ = {
			isa = PBXVariantGroup;
			children = (
				80D1F398228570A300E2755D /* Base */,
			);
			name = LaunchScreen.storyboard;
			sourceTree = "<group>";
		};
/* End PBXVariantGroup section */

/* Begin XCBuildConfiguration section */
		80D1F39D228570A300E2755D /* Debug */ = {
			isa = XCBuildConfiguration;
			buildSettings = {
				ALWAYS_SEARCH_USER_PATHS = NO;
				CLANG_ANALYZER_NONNULL = YES;
				CLANG_ANALYZER_NUMBER_OBJECT_CONVERSION = YES_AGGRESSIVE;
				CLANG_CXX_LANGUAGE_STANDARD = "gnu++14";
				CLANG_CXX_LIBRARY = "libc++";
				CLANG_ENABLE_MODULES = YES;
				CLANG_ENABLE_OBJC_ARC = YES;
				CLANG_ENABLE_OBJC_WEAK = YES;
				CLANG_WARN_BLOCK_CAPTURE_AUTORELEASING = YES;
				CLANG_WARN_BOOL_CONVERSION = YES;
				CLANG_WARN_COMMA = YES;
				CLANG_WARN_CONSTANT_CONVERSION = YES;
				CLANG_WARN_DEPRECATED_OBJC_IMPLEMENTATIONS = YES;
				CLANG_WARN_DIRECT_OBJC_ISA_USAGE = YES_ERROR;
				CLANG_WARN_DOCUMENTATION_COMMENTS = YES;
				CLANG_WARN_EMPTY_BODY = YES;
				CLANG_WARN_ENUM_CONVERSION = YES;
				CLANG_WARN_INFINITE_RECURSION = YES;
				CLANG_WARN_INT_CONVERSION = YES;
				CLANG_WARN_NON_LITERAL_NULL_CONVERSION = YES;
				CLANG_WARN_OBJC_IMPLICIT_RETAIN_SELF = YES;
				CLANG_WARN_OBJC_LITERAL_CONVERSION = YES;
				CLANG_WARN_OBJC_ROOT_CLASS = YES_ERROR;
				CLANG_WARN_RANGE_LOOP_ANALYSIS = YES;
				CLANG_WARN_STRICT_PROTOTYPES = YES;
				CLANG_WARN_SUSPICIOUS_MOVE = YES;
				CLANG_WARN_UNGUARDED_AVAILABILITY = YES_AGGRESSIVE;
				CLANG_WARN_UNREACHABLE_CODE = YES;
				CLANG_WARN__DUPLICATE_METHOD_MATCH = YES;
				CODE_SIGN_IDENTITY = "iPhone Developer";
				COPY_PHASE_STRIP = NO;
				DEBUG_INFORMATION_FORMAT = dwarf;
				ENABLE_STRICT_OBJC_MSGSEND = YES;
				ENABLE_TESTABILITY = YES;
				GCC_C_LANGUAGE_STANDARD = gnu11;
				GCC_DYNAMIC_NO_PIC = NO;
				GCC_NO_COMMON_BLOCKS = YES;
				GCC_OPTIMIZATION_LEVEL = 0;
				GCC_PREPROCESSOR_DEFINITIONS = (
					"DEBUG=1",
					"$(inherited)",
				);
				GCC_WARN_64_TO_32_BIT_CONVERSION = YES;
				GCC_WARN_ABOUT_RETURN_TYPE = YES_ERROR;
				GCC_WARN_UNDECLARED_SELECTOR = YES;
				GCC_WARN_UNINITIALIZED_AUTOS = YES_AGGRESSIVE;
				GCC_WARN_UNUSED_FUNCTION = YES;
				GCC_WARN_UNUSED_VARIABLE = YES;
				IPHONEOS_DEPLOYMENT_TARGET = 12.1;
				MTL_ENABLE_DEBUG_INFO = INCLUDE_SOURCE;
				MTL_FAST_MATH = YES;
				ONLY_ACTIVE_ARCH = YES;
				SDKROOT = iphoneos;
			};
			name = Debug;
		};
		80D1F39E228570A300E2755D /* Release */ = {
			isa = XCBuildConfiguration;
			buildSettings = {
				ALWAYS_SEARCH_USER_PATHS = NO;
				CLANG_ANALYZER_NONNULL = YES;
				CLANG_ANALYZER_NUMBER_OBJECT_CONVERSION = YES_AGGRESSIVE;
				CLANG_CXX_LANGUAGE_STANDARD = "gnu++14";
				CLANG_CXX_LIBRARY = "libc++";
				CLANG_ENABLE_MODULES = YES;
				CLANG_ENABLE_OBJC_ARC = YES;
				CLANG_ENABLE_OBJC_WEAK = YES;
				CLANG_WARN_BLOCK_CAPTURE_AUTORELEASING = YES;
				CLANG_WARN_BOOL_CONVERSION = YES;
				CLANG_WARN_COMMA = YES;
				CLANG_WARN_CONSTANT_CONVERSION = YES;
				CLANG_WARN_DEPRECATED_OBJC_IMPLEMENTATIONS = YES;
				CLANG_WARN_DIRECT_OBJC_ISA_USAGE = YES_ERROR;
				CLANG_WARN_DOCUMENTATION_COMMENTS = YES;
				CLANG_WARN_EMPTY_BODY = YES;
				CLANG_WARN_ENUM_CONVERSION = YES;
				CLANG_WARN_INFINITE_RECURSION = YES;
				CLANG_WARN_INT_CONVERSION = YES;
				CLANG_WARN_NON_LITERAL_NULL_CONVERSION = YES;
				CLANG_WARN_OBJC_IMPLICIT_RETAIN_SELF = YES;
				CLANG_WARN_OBJC_LITERAL_CONVERSION = YES;
				CLANG_WARN_OBJC_ROOT_CLASS = YES_ERROR;
				CLANG_WARN_RANGE_LOOP_ANALYSIS = YES;
				CLANG_WARN_STRICT_PROTOTYPES = YES;
				CLANG_WARN_SUSPICIOUS_MOVE = YES;
				CLANG_WARN_UNGUARDED_AVAILABILITY = YES_AGGRESSIVE;
				CLANG_WARN_UNREACHABLE_CODE = YES;
				CLANG_WARN__DUPLICATE_METHOD_MATCH = YES;
				CODE_SIGN_IDENTITY = "iPhone Developer";
				COPY_PHASE_STRIP = NO;
				DEBUG_INFORMATION_FORMAT = "dwarf-with-dsym";
				ENABLE_NS_ASSERTIONS = NO;
				ENABLE_STRICT_OBJC_MSGSEND = YES;
				GCC_C_LANGUAGE_STANDARD = gnu11;
				GCC_NO_COMMON_BLOCKS = YES;
				GCC_WARN_64_TO_32_BIT_CONVERSION = YES;
				GCC_WARN_ABOUT_RETURN_TYPE = YES_ERROR;
				GCC_WARN_UNDECLARED_SELECTOR = YES;
				GCC_WARN_UNINITIALIZED_AUTOS = YES_AGGRESSIVE;
				GCC_WARN_UNUSED_FUNCTION = YES;
				GCC_WARN_UNUSED_VARIABLE = YES;
				IPHONEOS_DEPLOYMENT_TARGET = 12.1;
				MTL_ENABLE_DEBUG_INFO = NO;
				MTL_FAST_MATH = YES;
				SDKROOT = iphoneos;
				VALIDATE_PRODUCT = YES;
			};
			name = Release;
		};
		80D1F3A0228570A300E2755D /* Debug */ = {
			isa = XCBuildConfiguration;
			baseConfigurationReference = C1647DD13385CB0F822EB974 /* Pods-SYLearnDemo.debug.xcconfig */;
			buildSettings = {
				ASSETCATALOG_COMPILER_APPICON_NAME = AppIcon;
				CODE_SIGN_STYLE = Automatic;
				DEVELOPMENT_TEAM = 84JYD9X959;
				INFOPLIST_FILE = SYLearnDemo/Info.plist;
				IPHONEOS_DEPLOYMENT_TARGET = 10.0;
				LD_RUNPATH_SEARCH_PATHS = (
					"$(inherited)",
					"@executable_path/Frameworks",
				);
				PRODUCT_BUNDLE_IDENTIFIER = com.sy.SYLearnDemo;
				PRODUCT_NAME = "$(TARGET_NAME)";
				TARGETED_DEVICE_FAMILY = "1,2";
			};
			name = Debug;
		};
		80D1F3A1228570A300E2755D /* Release */ = {
			isa = XCBuildConfiguration;
			baseConfigurationReference = 912BDDE1809C542088E2A6EB /* Pods-SYLearnDemo.release.xcconfig */;
			buildSettings = {
				ASSETCATALOG_COMPILER_APPICON_NAME = AppIcon;
				CODE_SIGN_STYLE = Automatic;
				DEVELOPMENT_TEAM = 84JYD9X959;
				INFOPLIST_FILE = SYLearnDemo/Info.plist;
				IPHONEOS_DEPLOYMENT_TARGET = 10.0;
				LD_RUNPATH_SEARCH_PATHS = (
					"$(inherited)",
					"@executable_path/Frameworks",
				);
				PRODUCT_BUNDLE_IDENTIFIER = com.sy.SYLearnDemo;
				PRODUCT_NAME = "$(TARGET_NAME)";
				TARGETED_DEVICE_FAMILY = "1,2";
			};
			name = Release;
		};
/* End XCBuildConfiguration section */

/* Begin XCConfigurationList section */
		80D1F384228570A200E2755D /* Build configuration list for PBXProject "SYLearnDemo" */ = {
			isa = XCConfigurationList;
			buildConfigurations = (
				80D1F39D228570A300E2755D /* Debug */,
				80D1F39E228570A300E2755D /* Release */,
			);
			defaultConfigurationIsVisible = 0;
			defaultConfigurationName = Release;
		};
		80D1F39F228570A300E2755D /* Build configuration list for PBXNativeTarget "SYLearnDemo" */ = {
			isa = XCConfigurationList;
			buildConfigurations = (
				80D1F3A0228570A300E2755D /* Debug */,
				80D1F3A1228570A300E2755D /* Release */,
			);
			defaultConfigurationIsVisible = 0;
			defaultConfigurationName = Release;
		};
/* End XCConfigurationList section */
	};
	rootObject = 80D1F381228570A200E2755D /* Project object */;
}
